
Microsoft Visual Studio Solution File, Format Version 12.00
# Visual Studio Version 16
VisualStudioVersion = 16.0.31702.278
MinimumVisualStudioVersion = 10.0.40219.1
Project("{FAE04EC0-301F-11D3-BF4B-00C04F79EFBC}") = "proiectAmbrosiaDATC", "proiectAmbrosiaDATC\proiectAmbrosiaDATC.csproj", "{A1BD76A3-6CD8-4248-8EF8-91BAA9333F03}"
EndProject
Global
	GlobalSection(SolutionConfigurationPlatforms) = preSolution
		Debug|Any CPU = Debug|Any CPU
		Release|Any CPU = Release|Any CPU
	EndGlobalSection
	GlobalSection(ProjectConfigurationPlatforms) = postSolution
		{A1BD76A3-6CD8-4248-8EF8-91BAA9333F03}.Debug|Any CPU.ActiveCfg = Debug|Any CPU
		{A1BD76A3-6CD8-4248-8EF8-91BAA9333F03}.Debug|Any CPU.Build.0 = Debug|Any CPU
		{A1BD76A3-6CD8-4248-8EF8-91BAA9333F03}.Release|Any CPU.ActiveCfg = Release|Any CPU
		{A1BD76A3-6CD8-4248-8EF8-91BAA9333F03}.Release|Any CPU.Build.0 = Release|Any CPU
	EndGlobalSection
	GlobalSection(SolutionProperties) = preSolution
		HideSolutionNode = FALSE
	EndGlobalSection
	GlobalSection(ExtensibilityGlobals) = postSolution
		SolutionGuid = {6819F85D-4484-4CD5-A5AB-EB67E54CD87A}
	EndGlobalSection
EndGlobal
